
Microsoft Visual Studio Solution File, Format Version 12.00
# Visual Studio Version 17
VisualStudioVersion = 17.0.31903.59
MinimumVisualStudioVersion = 10.0.40219.1
Project("{2150E333-8FDC-42A3-9474-1A3956D46DE8}") = "src", "src", "{CDE5F659-F79C-4E7B-8CDD-FC4C27F96458}"
EndProject
Project("{FAE04EC0-301F-11D3-BF4B-00C04F79EFBC}") = "Orleans.Core", "src\Orleans.Core\Orleans.Core.csproj", "{795508C3-9782-4B52-B4E5-8A0E18C5F395}"
EndProject
Project("{FAE04EC0-301F-11D3-BF4B-00C04F79EFBC}") = "Orleans.Core.Abstractions", "src\Orleans.Core.Abstractions\Orleans.Core.Abstractions.csproj", "{72079FEA-308B-4993-A153-6079623539D7}"
EndProject
Project("{FAE04EC0-301F-11D3-BF4B-00C04F79EFBC}") = "Orleans.Sdk", "src\Orleans.Sdk\Orleans.Sdk.csproj", "{D0BF277C-2B02-40A7-AF20-2D80379E6C14}"
EndProject
Project("{FAE04EC0-301F-11D3-BF4B-00C04F79EFBC}") = "Orleans.CodeGenerator", "src\Orleans.CodeGenerator\Orleans.CodeGenerator.csproj", "{BBAE86B1-F53D-43C0-AF54-6E422A996B5C}"
EndProject
Project("{FAE04EC0-301F-11D3-BF4B-00C04F79EFBC}") = "Orleans.Serialization", "src\Orleans.Serialization\Orleans.Serialization.csproj", "{9079AC82-CB39-4039-B4C3-731E6308EA43}"
EndProject
Project("{FAE04EC0-301F-11D3-BF4B-00C04F79EFBC}") = "Orleans.Serialization.Abstractions", "src\Orleans.Serialization.Abstractions\Orleans.Serialization.Abstractions.csproj", "{D1126EA2-85FE-4756-A9EE-11FD717B6F62}"
EndProject
Project("{FAE04EC0-301F-11D3-BF4B-00C04F79EFBC}") = "Orleans.Runtime", "src\Orleans.Runtime\Orleans.Runtime.csproj", "{6119EC7D-83BF-44E0-8620-75EB5FC60822}"
EndProject
Project("{FAE04EC0-301F-11D3-BF4B-00C04F79EFBC}") = "Orleans.Analyzers", "src\Orleans.Analyzers\Orleans.Analyzers.csproj", "{7AD609BF-7790-41C8-A64F-F48520A82823}"
EndProject
Project("{2150E333-8FDC-42A3-9474-1A3956D46DE8}") = "Rpc", "Rpc", "{689510AD-1ACC-4E24-8D9E-984092E580EC}"
EndProject
Project("{FAE04EC0-301F-11D3-BF4B-00C04F79EFBC}") = "Orleans.Rpc.Abstractions", "src\Rpc\Orleans.Rpc.Abstractions\Orleans.Rpc.Abstractions.csproj", "{D56A9301-33B3-404F-95D5-868AFB24AF74}"
EndProject
Project("{FAE04EC0-301F-11D3-BF4B-00C04F79EFBC}") = "Orleans.Rpc.Client", "src\Rpc\Orleans.Rpc.Client\Orleans.Rpc.Client.csproj", "{58F489F6-B878-4D8F-B3EC-65F7F1814B3F}"
EndProject
Project("{FAE04EC0-301F-11D3-BF4B-00C04F79EFBC}") = "Orleans.Rpc.Server", "src\Rpc\Orleans.Rpc.Server\Orleans.Rpc.Server.csproj", "{BECAFBC7-4343-4647-A6C6-B6CCDCF24341}"
EndProject
Project("{FAE04EC0-301F-11D3-BF4B-00C04F79EFBC}") = "Orleans.Rpc.Sdk", "src\Rpc\Orleans.Rpc.Sdk\Orleans.Rpc.Sdk.csproj", "{094F4E23-801E-42A8-8BC3-E964FD740269}"
EndProject
Project("{FAE04EC0-301F-11D3-BF4B-00C04F79EFBC}") = "Orleans.Rpc.Transport.LiteNetLib", "src\Rpc\Orleans.Rpc.Transport.LiteNetLib\Orleans.Rpc.Transport.LiteNetLib.csproj", "{A029E458-B712-43B4-83A7-AFDD4A68BF55}"
EndProject
Project("{FAE04EC0-301F-11D3-BF4B-00C04F79EFBC}") = "Orleans.Rpc.Transport.Ruffles", "src\Rpc\Orleans.Rpc.Transport.Ruffles\Orleans.Rpc.Transport.Ruffles.csproj", "{07D74261-ECB9-42D3-8835-2AB24CC68972}"
EndProject
Global
	GlobalSection(SolutionConfigurationPlatforms) = preSolution
		Debug|Any CPU = Debug|Any CPU
		Release|Any CPU = Release|Any CPU
	EndGlobalSection
	GlobalSection(SolutionProperties) = preSolution
		HideSolutionNode = FALSE
	EndGlobalSection
	GlobalSection(ProjectConfigurationPlatforms) = postSolution
		{795508C3-9782-4B52-B4E5-8A0E18C5F395}.Debug|Any CPU.ActiveCfg = Debug|Any CPU
		{795508C3-9782-4B52-B4E5-8A0E18C5F395}.Debug|Any CPU.Build.0 = Debug|Any CPU
		{795508C3-9782-4B52-B4E5-8A0E18C5F395}.Release|Any CPU.ActiveCfg = Release|Any CPU
		{795508C3-9782-4B52-B4E5-8A0E18C5F395}.Release|Any CPU.Build.0 = Release|Any CPU
		{72079FEA-308B-4993-A153-6079623539D7}.Debug|Any CPU.ActiveCfg = Debug|Any CPU
		{72079FEA-308B-4993-A153-6079623539D7}.Debug|Any CPU.Build.0 = Debug|Any CPU
		{72079FEA-308B-4993-A153-6079623539D7}.Release|Any CPU.ActiveCfg = Release|Any CPU
		{72079FEA-308B-4993-A153-6079623539D7}.Release|Any CPU.Build.0 = Release|Any CPU
		{D0BF277C-2B02-40A7-AF20-2D80379E6C14}.Debug|Any CPU.ActiveCfg = Debug|Any CPU
		{D0BF277C-2B02-40A7-AF20-2D80379E6C14}.Debug|Any CPU.Build.0 = Debug|Any CPU
		{D0BF277C-2B02-40A7-AF20-2D80379E6C14}.Release|Any CPU.ActiveCfg = Release|Any CPU
		{D0BF277C-2B02-40A7-AF20-2D80379E6C14}.Release|Any CPU.Build.0 = Release|Any CPU
		{BBAE86B1-F53D-43C0-AF54-6E422A996B5C}.Debug|Any CPU.ActiveCfg = Debug|Any CPU
		{BBAE86B1-F53D-43C0-AF54-6E422A996B5C}.Debug|Any CPU.Build.0 = Debug|Any CPU
		{BBAE86B1-F53D-43C0-AF54-6E422A996B5C}.Release|Any CPU.ActiveCfg = Release|Any CPU
		{BBAE86B1-F53D-43C0-AF54-6E422A996B5C}.Release|Any CPU.Build.0 = Release|Any CPU
		{9079AC82-CB39-4039-B4C3-731E6308EA43}.Debug|Any CPU.ActiveCfg = Debug|Any CPU
		{9079AC82-CB39-4039-B4C3-731E6308EA43}.Debug|Any CPU.Build.0 = Debug|Any CPU
		{9079AC82-CB39-4039-B4C3-731E6308EA43}.Release|Any CPU.ActiveCfg = Release|Any CPU
		{9079AC82-CB39-4039-B4C3-731E6308EA43}.Release|Any CPU.Build.0 = Release|Any CPU
		{D1126EA2-85FE-4756-A9EE-11FD717B6F62}.Debug|Any CPU.ActiveCfg = Debug|Any CPU
		{D1126EA2-85FE-4756-A9EE-11FD717B6F62}.Debug|Any CPU.Build.0 = Debug|Any CPU
		{D1126EA2-85FE-4756-A9EE-11FD717B6F62}.Release|Any CPU.ActiveCfg = Release|Any CPU
		{D1126EA2-85FE-4756-A9EE-11FD717B6F62}.Release|Any CPU.Build.0 = Release|Any CPU
		{6119EC7D-83BF-44E0-8620-75EB5FC60822}.Debug|Any CPU.ActiveCfg = Debug|Any CPU
		{6119EC7D-83BF-44E0-8620-75EB5FC60822}.Debug|Any CPU.Build.0 = Debug|Any CPU
		{6119EC7D-83BF-44E0-8620-75EB5FC60822}.Release|Any CPU.ActiveCfg = Release|Any CPU
		{6119EC7D-83BF-44E0-8620-75EB5FC60822}.Release|Any CPU.Build.0 = Release|Any CPU
		{7AD609BF-7790-41C8-A64F-F48520A82823}.Debug|Any CPU.ActiveCfg = Debug|Any CPU
		{7AD609BF-7790-41C8-A64F-F48520A82823}.Debug|Any CPU.Build.0 = Debug|Any CPU
		{7AD609BF-7790-41C8-A64F-F48520A82823}.Release|Any CPU.ActiveCfg = Release|Any CPU
		{7AD609BF-7790-41C8-A64F-F48520A82823}.Release|Any CPU.Build.0 = Release|Any CPU
		{D56A9301-33B3-404F-95D5-868AFB24AF74}.Debug|Any CPU.ActiveCfg = Debug|Any CPU
		{D56A9301-33B3-404F-95D5-868AFB24AF74}.Debug|Any CPU.Build.0 = Debug|Any CPU
		{D56A9301-33B3-404F-95D5-868AFB24AF74}.Release|Any CPU.ActiveCfg = Release|Any CPU
		{D56A9301-33B3-404F-95D5-868AFB24AF74}.Release|Any CPU.Build.0 = Release|Any CPU
		{58F489F6-B878-4D8F-B3EC-65F7F1814B3F}.Debug|Any CPU.ActiveCfg = Debug|Any CPU
		{58F489F6-B878-4D8F-B3EC-65F7F1814B3F}.Debug|Any CPU.Build.0 = Debug|Any CPU
		{58F489F6-B878-4D8F-B3EC-65F7F1814B3F}.Release|Any CPU.ActiveCfg = Release|Any CPU
		{58F489F6-B878-4D8F-B3EC-65F7F1814B3F}.Release|Any CPU.Build.0 = Release|Any CPU
		{BECAFBC7-4343-4647-A6C6-B6CCDCF24341}.Debug|Any CPU.ActiveCfg = Debug|Any CPU
		{BECAFBC7-4343-4647-A6C6-B6CCDCF24341}.Debug|Any CPU.Build.0 = Debug|Any CPU
		{BECAFBC7-4343-4647-A6C6-B6CCDCF24341}.Release|Any CPU.ActiveCfg = Release|Any CPU
		{BECAFBC7-4343-4647-A6C6-B6CCDCF24341}.Release|Any CPU.Build.0 = Release|Any CPU
		{094F4E23-801E-42A8-8BC3-E964FD740269}.Debug|Any CPU.ActiveCfg = Debug|Any CPU
		{094F4E23-801E-42A8-8BC3-E964FD740269}.Debug|Any CPU.Build.0 = Debug|Any CPU
		{094F4E23-801E-42A8-8BC3-E964FD740269}.Release|Any CPU.ActiveCfg = Release|Any CPU
		{094F4E23-801E-42A8-8BC3-E964FD740269}.Release|Any CPU.Build.0 = Release|Any CPU
		{A029E458-B712-43B4-83A7-AFDD4A68BF55}.Debug|Any CPU.ActiveCfg = Debug|Any CPU
		{A029E458-B712-43B4-83A7-AFDD4A68BF55}.Debug|Any CPU.Build.0 = Debug|Any CPU
		{A029E458-B712-43B4-83A7-AFDD4A68BF55}.Release|Any CPU.ActiveCfg = Release|Any CPU
		{A029E458-B712-43B4-83A7-AFDD4A68BF55}.Release|Any CPU.Build.0 = Release|Any CPU
		{07D74261-ECB9-42D3-8835-2AB24CC68972}.Debug|Any CPU.ActiveCfg = Debug|Any CPU
		{07D74261-ECB9-42D3-8835-2AB24CC68972}.Debug|Any CPU.Build.0 = Debug|Any CPU
		{07D74261-ECB9-42D3-8835-2AB24CC68972}.Release|Any CPU.ActiveCfg = Release|Any CPU
		{07D74261-ECB9-42D3-8835-2AB24CC68972}.Release|Any CPU.Build.0 = Release|Any CPU
	EndGlobalSection
	GlobalSection(NestedProjects) = preSolution
		{795508C3-9782-4B52-B4E5-8A0E18C5F395} = {CDE5F659-F79C-4E7B-8CDD-FC4C27F96458}
		{72079FEA-308B-4993-A153-6079623539D7} = {CDE5F659-F79C-4E7B-8CDD-FC4C27F96458}
		{D0BF277C-2B02-40A7-AF20-2D80379E6C14} = {CDE5F659-F79C-4E7B-8CDD-FC4C27F96458}
		{BBAE86B1-F53D-43C0-AF54-6E422A996B5C} = {CDE5F659-F79C-4E7B-8CDD-FC4C27F96458}
		{9079AC82-CB39-4039-B4C3-731E6308EA43} = {CDE5F659-F79C-4E7B-8CDD-FC4C27F96458}
		{D1126EA2-85FE-4756-A9EE-11FD717B6F62} = {CDE5F659-F79C-4E7B-8CDD-FC4C27F96458}
		{6119EC7D-83BF-44E0-8620-75EB5FC60822} = {CDE5F659-F79C-4E7B-8CDD-FC4C27F96458}
		{7AD609BF-7790-41C8-A64F-F48520A82823} = {CDE5F659-F79C-4E7B-8CDD-FC4C27F96458}
		{689510AD-1ACC-4E24-8D9E-984092E580EC} = {CDE5F659-F79C-4E7B-8CDD-FC4C27F96458}
		{D56A9301-33B3-404F-95D5-868AFB24AF74} = {689510AD-1ACC-4E24-8D9E-984092E580EC}
		{58F489F6-B878-4D8F-B3EC-65F7F1814B3F} = {689510AD-1ACC-4E24-8D9E-984092E580EC}
		{BECAFBC7-4343-4647-A6C6-B6CCDCF24341} = {689510AD-1ACC-4E24-8D9E-984092E580EC}
		{094F4E23-801E-42A8-8BC3-E964FD740269} = {689510AD-1ACC-4E24-8D9E-984092E580EC}
		{A029E458-B712-43B4-83A7-AFDD4A68BF55} = {689510AD-1ACC-4E24-8D9E-984092E580EC}
		{07D74261-ECB9-42D3-8835-2AB24CC68972} = {689510AD-1ACC-4E24-8D9E-984092E580EC}
	EndGlobalSection
EndGlobal
