
Microsoft Visual Studio Solution File, Format Version 12.00
# Visual Studio Version 17
VisualStudioVersion = 17.14.36203.30
MinimumVisualStudioVersion = 10.0.40219.1
Project("{FAE04EC0-301F-11D3-BF4B-00C04F79EFBC}") = "Shooter.Client", "Shooter.Client\Shooter.Client.csproj", "{C4EB6760-B0D9-4309-817C-C94C9DB8D982}"
EndProject
Project("{FAE04EC0-301F-11D3-BF4B-00C04F79EFBC}") = "Shooter.Shared", "Shooter.Shared\Shooter.Shared.csproj", "{D4EB6760-B0D9-4309-817C-C94C9DB8D983}"
EndProject
Project("{FAE04EC0-301F-11D3-BF4B-00C04F79EFBC}") = "Shooter.Silo", "Shooter.Silo\Shooter.Silo.csproj", "{E4EB6760-B0D9-4309-817C-C94C9DB8D984}"
EndProject
Project("{FAE04EC0-301F-11D3-BF4B-00C04F79EFBC}") = "Shooter.ActionServer", "Shooter.ActionServer\Shooter.ActionServer.csproj", "{F4EB6760-B0D9-4309-817C-C94C9DB8D985}"
EndProject
Project("{FAE04EC0-301F-11D3-BF4B-00C04F79EFBC}") = "Shooter.AppHost", "Shooter.AppHost\Shooter.AppHost.csproj", "{70530C1A-D539-460A-B959-C764D4B3BD61}"
EndProject
Project("{FAE04EC0-301F-11D3-BF4B-00C04F79EFBC}") = "Shooter.ServiceDefaults", "Shooter.ServiceDefaults\Shooter.ServiceDefaults.csproj", "{738BAE47-547C-4416-DBB8-15B716D5C4F1}"
EndProject
Project("{FAE04EC0-301F-11D3-BF4B-00C04F79EFBC}") = "Shooter.Bot", "Shooter.Bot\Shooter.Bot.csproj", "{7C93E129-6C01-4032-BBD6-8D16D73E8FF4}"
EndProject
Global
	GlobalSection(SolutionConfigurationPlatforms) = preSolution
		Debug|Any CPU = Debug|Any CPU
		Release|Any CPU = Release|Any CPU
	EndGlobalSection
	GlobalSection(ProjectConfigurationPlatforms) = postSolution
		{C4EB6760-B0D9-4309-817C-C94C9DB8D982}.Debug|Any CPU.ActiveCfg = Debug|Any CPU
		{C4EB6760-B0D9-4309-817C-C94C9DB8D982}.Debug|Any CPU.Build.0 = Debug|Any CPU
		{C4EB6760-B0D9-4309-817C-C94C9DB8D982}.Release|Any CPU.ActiveCfg = Release|Any CPU
		{C4EB6760-B0D9-4309-817C-C94C9DB8D982}.Release|Any CPU.Build.0 = Release|Any CPU
		{D4EB6760-B0D9-4309-817C-C94C9DB8D983}.Debug|Any CPU.ActiveCfg = Debug|Any CPU
		{D4EB6760-B0D9-4309-817C-C94C9DB8D983}.Debug|Any CPU.Build.0 = Debug|Any CPU
		{D4EB6760-B0D9-4309-817C-C94C9DB8D983}.Release|Any CPU.ActiveCfg = Release|Any CPU
		{D4EB6760-B0D9-4309-817C-C94C9DB8D983}.Release|Any CPU.Build.0 = Release|Any CPU
		{E4EB6760-B0D9-4309-817C-C94C9DB8D984}.Debug|Any CPU.ActiveCfg = Debug|Any CPU
		{E4EB6760-B0D9-4309-817C-C94C9DB8D984}.Debug|Any CPU.Build.0 = Debug|Any CPU
		{E4EB6760-B0D9-4309-817C-C94C9DB8D984}.Release|Any CPU.ActiveCfg = Release|Any CPU
		{E4EB6760-B0D9-4309-817C-C94C9DB8D984}.Release|Any CPU.Build.0 = Release|Any CPU
		{F4EB6760-B0D9-4309-817C-C94C9DB8D985}.Debug|Any CPU.ActiveCfg = Debug|Any CPU
		{F4EB6760-B0D9-4309-817C-C94C9DB8D985}.Debug|Any CPU.Build.0 = Debug|Any CPU
		{F4EB6760-B0D9-4309-817C-C94C9DB8D985}.Release|Any CPU.ActiveCfg = Release|Any CPU
		{F4EB6760-B0D9-4309-817C-C94C9DB8D985}.Release|Any CPU.Build.0 = Release|Any CPU
		{70530C1A-D539-460A-B959-C764D4B3BD61}.Debug|Any CPU.ActiveCfg = Debug|Any CPU
		{70530C1A-D539-460A-B959-C764D4B3BD61}.Debug|Any CPU.Build.0 = Debug|Any CPU
		{70530C1A-D539-460A-B959-C764D4B3BD61}.Release|Any CPU.ActiveCfg = Release|Any CPU
		{70530C1A-D539-460A-B959-C764D4B3BD61}.Release|Any CPU.Build.0 = Release|Any CPU
		{738BAE47-547C-4416-DBB8-15B716D5C4F1}.Debug|Any CPU.ActiveCfg = Debug|Any CPU
		{738BAE47-547C-4416-DBB8-15B716D5C4F1}.Debug|Any CPU.Build.0 = Debug|Any CPU
		{738BAE47-547C-4416-DBB8-15B716D5C4F1}.Release|Any CPU.ActiveCfg = Release|Any CPU
		{738BAE47-547C-4416-DBB8-15B716D5C4F1}.Release|Any CPU.Build.0 = Release|Any CPU
		{7C93E129-6C01-4032-BBD6-8D16D73E8FF4}.Debug|Any CPU.ActiveCfg = Debug|Any CPU
		{7C93E129-6C01-4032-BBD6-8D16D73E8FF4}.Debug|Any CPU.Build.0 = Debug|Any CPU
		{7C93E129-6C01-4032-BBD6-8D16D73E8FF4}.Release|Any CPU.ActiveCfg = Release|Any CPU
		{7C93E129-6C01-4032-BBD6-8D16D73E8FF4}.Release|Any CPU.Build.0 = Release|Any CPU
	EndGlobalSection
	GlobalSection(SolutionProperties) = preSolution
		HideSolutionNode = FALSE
	EndGlobalSection
	GlobalSection(ExtensibilityGlobals) = postSolution
		SolutionGuid = {DCB7AFA4-7C08-4A97-82D7-772177EA2FE9}
	EndGlobalSection
EndGlobal
